# This file is automatically @generated by Cargo.
# It is not intended for manual editing.
version = 4

[[package]]
name = "linguistics-core"
version = "0.1.0"

[[package]]
name = "linguistics-morphology"
version = "0.1.0"
dependencies = [
 "linguistics-core",
]

[[package]]
name = "linguistics-phonetics"
version = "0.1.0"
dependencies = [
 "linguistics-core",
]

[[package]]
name = "linguistics-syntax"
version = "0.1.0"
dependencies = [
 "linguistics-core",
]
